
Microsoft Visual Studio Solution File, Format Version 12.00
# Visual Studio Version 17
VisualStudioVersion = 17.13.36105.23 d17.13
MinimumVisualStudioVersion = 10.0.40219.1
Project("{FAE04EC0-301F-11D3-BF4B-00C04F79EFBC}") = "TimeToAngleSvc.Api", "TimeToAngleSvc.Api\TimeToAngleSvc.Api.csproj", "{4DB20217-20F1-4B76-AE3D-DED680A34F48}"
EndProject
Global
	GlobalSection(SolutionConfigurationPlatforms) = preSolution
		Debug|Any CPU = Debug|Any CPU
		Release|Any CPU = Release|Any CPU
	EndGlobalSection
	GlobalSection(ProjectConfigurationPlatforms) = postSolution
		{4DB20217-20F1-4B76-AE3D-DED680A34F48}.Debug|Any CPU.ActiveCfg = Debug|Any CPU
		{4DB20217-20F1-4B76-AE3D-DED680A34F48}.Debug|Any CPU.Build.0 = Debug|Any CPU
		{4DB20217-20F1-4B76-AE3D-DED680A34F48}.Release|Any CPU.ActiveCfg = Release|Any CPU
		{4DB20217-20F1-4B76-AE3D-DED680A34F48}.Release|Any CPU.Build.0 = Release|Any CPU
	EndGlobalSection
	GlobalSection(SolutionProperties) = preSolution
		HideSolutionNode = FALSE
	EndGlobalSection
	GlobalSection(ExtensibilityGlobals) = postSolution
		SolutionGuid = {C2580757-4E13-4C88-A4CE-9A2167F01383}
	EndGlobalSection
EndGlobal
